
Microsoft Visual Studio Solution File, Format Version 12.00
# Visual Studio Version 16
VisualStudioVersion = 16.0.30011.22
MinimumVisualStudioVersion = 10.0.40219.1
Project("{FAE04EC0-301F-11D3-BF4B-00C04F79EFBC}") = "SCDesctopUI", "SCDesctopUI\SCDesctopUI.csproj", "{22EFAD50-BA28-40D2-A444-138FA7ECF3C0}"
EndProject
Project("{FAE04EC0-301F-11D3-BF4B-00C04F79EFBC}") = "SCInputProcessing", "SCInputProcessing\SCInputProcessing.csproj", "{578E6600-5BD4-4A38-86AB-E3BE358595B5}"
EndProject
Global
	GlobalSection(SolutionConfigurationPlatforms) = preSolution
		Debug|Any CPU = Debug|Any CPU
		Release|Any CPU = Release|Any CPU
	EndGlobalSection
	GlobalSection(ProjectConfigurationPlatforms) = postSolution
		{22EFAD50-BA28-40D2-A444-138FA7ECF3C0}.Debug|Any CPU.ActiveCfg = Debug|Any CPU
		{22EFAD50-BA28-40D2-A444-138FA7ECF3C0}.Debug|Any CPU.Build.0 = Debug|Any CPU
		{22EFAD50-BA28-40D2-A444-138FA7ECF3C0}.Release|Any CPU.ActiveCfg = Release|Any CPU
		{22EFAD50-BA28-40D2-A444-138FA7ECF3C0}.Release|Any CPU.Build.0 = Release|Any CPU
		{578E6600-5BD4-4A38-86AB-E3BE358595B5}.Debug|Any CPU.ActiveCfg = Debug|Any CPU
		{578E6600-5BD4-4A38-86AB-E3BE358595B5}.Debug|Any CPU.Build.0 = Debug|Any CPU
		{578E6600-5BD4-4A38-86AB-E3BE358595B5}.Release|Any CPU.ActiveCfg = Release|Any CPU
		{578E6600-5BD4-4A38-86AB-E3BE358595B5}.Release|Any CPU.Build.0 = Release|Any CPU
	EndGlobalSection
	GlobalSection(SolutionProperties) = preSolution
		HideSolutionNode = FALSE
	EndGlobalSection
	GlobalSection(ExtensibilityGlobals) = postSolution
		SolutionGuid = {6BFAF993-DBAA-4496-9247-8EFAB429A663}
	EndGlobalSection
EndGlobal
